
Microsoft Visual Studio Solution File, Format Version 12.00
# Visual Studio 15
VisualStudioVersion = 15.0.28307.1169
MinimumVisualStudioVersion = 10.0.40219.1
Project("{FAE04EC0-301F-11D3-BF4B-00C04F79EFBC}") = "MvcStok3", "MvcStok3\MvcStok3.csproj", "{8A100C10-75F3-46A5-837B-9A429BCF97AC}"
EndProject
Global
	GlobalSection(SolutionConfigurationPlatforms) = preSolution
		Debug|Any CPU = Debug|Any CPU
		Release|Any CPU = Release|Any CPU
	EndGlobalSection
	GlobalSection(ProjectConfigurationPlatforms) = postSolution
		{8A100C10-75F3-46A5-837B-9A429BCF97AC}.Debug|Any CPU.ActiveCfg = Debug|Any CPU
		{8A100C10-75F3-46A5-837B-9A429BCF97AC}.Debug|Any CPU.Build.0 = Debug|Any CPU
		{8A100C10-75F3-46A5-837B-9A429BCF97AC}.Release|Any CPU.ActiveCfg = Release|Any CPU
		{8A100C10-75F3-46A5-837B-9A429BCF97AC}.Release|Any CPU.Build.0 = Release|Any CPU
	EndGlobalSection
	GlobalSection(SolutionProperties) = preSolution
		HideSolutionNode = FALSE
	EndGlobalSection
	GlobalSection(ExtensibilityGlobals) = postSolution
		SolutionGuid = {1686FB71-0799-491F-8883-58192EC1625E}
	EndGlobalSection
EndGlobal
